
Microsoft Visual Studio Solution File, Format Version 12.00
# Visual Studio 15
VisualStudioVersion = 15.0.27703.2035
MinimumVisualStudioVersion = 10.0.40219.1
Project("{FAE04EC0-301F-11D3-BF4B-00C04F79EFBC}") = "WindowsFormsRedis", "WindowsFormsRedis\WindowsFormsRedis.csproj", "{CCCB3585-4601-4031-95E3-2A2742C70088}"
EndProject
Global
	GlobalSection(SolutionConfigurationPlatforms) = preSolution
		Debug|Any CPU = Debug|Any CPU
		Release|Any CPU = Release|Any CPU
	EndGlobalSection
	GlobalSection(ProjectConfigurationPlatforms) = postSolution
		{CCCB3585-4601-4031-95E3-2A2742C70088}.Debug|Any CPU.ActiveCfg = Debug|Any CPU
		{CCCB3585-4601-4031-95E3-2A2742C70088}.Debug|Any CPU.Build.0 = Debug|Any CPU
		{CCCB3585-4601-4031-95E3-2A2742C70088}.Release|Any CPU.ActiveCfg = Release|Any CPU
		{CCCB3585-4601-4031-95E3-2A2742C70088}.Release|Any CPU.Build.0 = Release|Any CPU
	EndGlobalSection
	GlobalSection(SolutionProperties) = preSolution
		HideSolutionNode = FALSE
	EndGlobalSection
	GlobalSection(ExtensibilityGlobals) = postSolution
		SolutionGuid = {5A2C4ADD-28E9-4EC0-9B30-A7E964F99C49}
	EndGlobalSection
EndGlobal
